
Microsoft Visual Studio Solution File, Format Version 12.00
# Visual Studio Version 17
VisualStudioVersion = 17.0.32112.339
MinimumVisualStudioVersion = 10.0.40219.1
Project("{9A19103F-16F7-4668-BE54-9A1E7A4F7556}") = "Task1", "Task1\Task1.csproj", "{32B99FBB-046D-4F8E-BC3B-07A9FB574AC3}"
EndProject
Project("{FAE04EC0-301F-11D3-BF4B-00C04F79EFBC}") = "Task2", "Task2\Task2.csproj", "{0707E7AB-D5ED-4AAF-AE91-8FE982A92FED}"
EndProject
Global
	GlobalSection(SolutionConfigurationPlatforms) = preSolution
		Debug|Any CPU = Debug|Any CPU
		Release|Any CPU = Release|Any CPU
	EndGlobalSection
	GlobalSection(ProjectConfigurationPlatforms) = postSolution
		{32B99FBB-046D-4F8E-BC3B-07A9FB574AC3}.Debug|Any CPU.ActiveCfg = Debug|Any CPU
		{32B99FBB-046D-4F8E-BC3B-07A9FB574AC3}.Debug|Any CPU.Build.0 = Debug|Any CPU
		{32B99FBB-046D-4F8E-BC3B-07A9FB574AC3}.Release|Any CPU.ActiveCfg = Release|Any CPU
		{32B99FBB-046D-4F8E-BC3B-07A9FB574AC3}.Release|Any CPU.Build.0 = Release|Any CPU
		{0707E7AB-D5ED-4AAF-AE91-8FE982A92FED}.Debug|Any CPU.ActiveCfg = Debug|Any CPU
		{0707E7AB-D5ED-4AAF-AE91-8FE982A92FED}.Debug|Any CPU.Build.0 = Debug|Any CPU
		{0707E7AB-D5ED-4AAF-AE91-8FE982A92FED}.Release|Any CPU.ActiveCfg = Release|Any CPU
		{0707E7AB-D5ED-4AAF-AE91-8FE982A92FED}.Release|Any CPU.Build.0 = Release|Any CPU
	EndGlobalSection
	GlobalSection(SolutionProperties) = preSolution
		HideSolutionNode = FALSE
	EndGlobalSection
	GlobalSection(ExtensibilityGlobals) = postSolution
		SolutionGuid = {AC4C9BD3-665B-4F8F-9C82-468F441273B4}
	EndGlobalSection
EndGlobal
